
Microsoft Visual Studio Solution File, Format Version 12.00
# Visual Studio Version 17
VisualStudioVersion = 17.10.35013.160
MinimumVisualStudioVersion = 10.0.40219.1
Project("{9A19103F-16F7-4668-BE54-9A1E7A4F7556}") = "Melody-Windows", "Melody-Windows\Melody-Windows.csproj", "{86AFC1EB-44C5-47D4-8EE8-4E8F720B0F72}"
EndProject
Project("{9A19103F-16F7-4668-BE54-9A1E7A4F7556}") = "Melody", "..\Melody-Lib\Melody\Melody.csproj", "{21AB92DE-8CC4-4C29-B08E-2419EB62FC2E}"
EndProject
Project("{9A19103F-16F7-4668-BE54-9A1E7A4F7556}") = "MelodyLibraryTest", "..\Melody-Lib\MelodyLibraryTest\MelodyLibraryTest.csproj", "{C6C61BDE-39E3-4568-9BA0-C1B3A2AE466D}"
EndProject
Global
	GlobalSection(SolutionConfigurationPlatforms) = preSolution
		Debug|Any CPU = Debug|Any CPU
		Debug|ARM64 = Debug|ARM64
		Debug|x64 = Debug|x64
		Debug|x86 = Debug|x86
		Release|Any CPU = Release|Any CPU
		Release|ARM64 = Release|ARM64
		Release|x64 = Release|x64
		Release|x86 = Release|x86
	EndGlobalSection
	GlobalSection(ProjectConfigurationPlatforms) = postSolution
		{86AFC1EB-44C5-47D4-8EE8-4E8F720B0F72}.Debug|Any CPU.ActiveCfg = Debug|x64
		{86AFC1EB-44C5-47D4-8EE8-4E8F720B0F72}.Debug|Any CPU.Build.0 = Debug|x64
		{86AFC1EB-44C5-47D4-8EE8-4E8F720B0F72}.Debug|Any CPU.Deploy.0 = Debug|x64
		{86AFC1EB-44C5-47D4-8EE8-4E8F720B0F72}.Debug|ARM64.ActiveCfg = Debug|ARM64
		{86AFC1EB-44C5-47D4-8EE8-4E8F720B0F72}.Debug|ARM64.Build.0 = Debug|ARM64
		{86AFC1EB-44C5-47D4-8EE8-4E8F720B0F72}.Debug|ARM64.Deploy.0 = Debug|ARM64
		{86AFC1EB-44C5-47D4-8EE8-4E8F720B0F72}.Debug|x64.ActiveCfg = Debug|x64
		{86AFC1EB-44C5-47D4-8EE8-4E8F720B0F72}.Debug|x64.Build.0 = Debug|x64
		{86AFC1EB-44C5-47D4-8EE8-4E8F720B0F72}.Debug|x64.Deploy.0 = Debug|x64
		{86AFC1EB-44C5-47D4-8EE8-4E8F720B0F72}.Debug|x86.ActiveCfg = Debug|x86
		{86AFC1EB-44C5-47D4-8EE8-4E8F720B0F72}.Debug|x86.Build.0 = Debug|x86
		{86AFC1EB-44C5-47D4-8EE8-4E8F720B0F72}.Debug|x86.Deploy.0 = Debug|x86
		{86AFC1EB-44C5-47D4-8EE8-4E8F720B0F72}.Release|Any CPU.ActiveCfg = Release|x64
		{86AFC1EB-44C5-47D4-8EE8-4E8F720B0F72}.Release|Any CPU.Build.0 = Release|x64
		{86AFC1EB-44C5-47D4-8EE8-4E8F720B0F72}.Release|Any CPU.Deploy.0 = Release|x64
		{86AFC1EB-44C5-47D4-8EE8-4E8F720B0F72}.Release|ARM64.ActiveCfg = Release|ARM64
		{86AFC1EB-44C5-47D4-8EE8-4E8F720B0F72}.Release|ARM64.Build.0 = Release|ARM64
		{86AFC1EB-44C5-47D4-8EE8-4E8F720B0F72}.Release|ARM64.Deploy.0 = Release|ARM64
		{86AFC1EB-44C5-47D4-8EE8-4E8F720B0F72}.Release|x64.ActiveCfg = Release|x64
		{86AFC1EB-44C5-47D4-8EE8-4E8F720B0F72}.Release|x64.Build.0 = Release|x64
		{86AFC1EB-44C5-47D4-8EE8-4E8F720B0F72}.Release|x64.Deploy.0 = Release|x64
		{86AFC1EB-44C5-47D4-8EE8-4E8F720B0F72}.Release|x86.ActiveCfg = Release|x86
		{86AFC1EB-44C5-47D4-8EE8-4E8F720B0F72}.Release|x86.Build.0 = Release|x86
		{86AFC1EB-44C5-47D4-8EE8-4E8F720B0F72}.Release|x86.Deploy.0 = Release|x86
		{21AB92DE-8CC4-4C29-B08E-2419EB62FC2E}.Debug|Any CPU.ActiveCfg = Debug|Any CPU
		{21AB92DE-8CC4-4C29-B08E-2419EB62FC2E}.Debug|Any CPU.Build.0 = Debug|Any CPU
		{21AB92DE-8CC4-4C29-B08E-2419EB62FC2E}.Debug|ARM64.ActiveCfg = Debug|Any CPU
		{21AB92DE-8CC4-4C29-B08E-2419EB62FC2E}.Debug|ARM64.Build.0 = Debug|Any CPU
		{21AB92DE-8CC4-4C29-B08E-2419EB62FC2E}.Debug|x64.ActiveCfg = Debug|Any CPU
		{21AB92DE-8CC4-4C29-B08E-2419EB62FC2E}.Debug|x64.Build.0 = Debug|Any CPU
		{21AB92DE-8CC4-4C29-B08E-2419EB62FC2E}.Debug|x86.ActiveCfg = Debug|Any CPU
		{21AB92DE-8CC4-4C29-B08E-2419EB62FC2E}.Debug|x86.Build.0 = Debug|Any CPU
		{21AB92DE-8CC4-4C29-B08E-2419EB62FC2E}.Release|Any CPU.ActiveCfg = Release|Any CPU
		{21AB92DE-8CC4-4C29-B08E-2419EB62FC2E}.Release|Any CPU.Build.0 = Release|Any CPU
		{21AB92DE-8CC4-4C29-B08E-2419EB62FC2E}.Release|ARM64.ActiveCfg = Release|Any CPU
		{21AB92DE-8CC4-4C29-B08E-2419EB62FC2E}.Release|ARM64.Build.0 = Release|Any CPU
		{21AB92DE-8CC4-4C29-B08E-2419EB62FC2E}.Release|x64.ActiveCfg = Release|Any CPU
		{21AB92DE-8CC4-4C29-B08E-2419EB62FC2E}.Release|x64.Build.0 = Release|Any CPU
		{21AB92DE-8CC4-4C29-B08E-2419EB62FC2E}.Release|x86.ActiveCfg = Release|Any CPU
		{21AB92DE-8CC4-4C29-B08E-2419EB62FC2E}.Release|x86.Build.0 = Release|Any CPU
		{C6C61BDE-39E3-4568-9BA0-C1B3A2AE466D}.Debug|Any CPU.ActiveCfg = Debug|x64
		{C6C61BDE-39E3-4568-9BA0-C1B3A2AE466D}.Debug|Any CPU.Build.0 = Debug|x64
		{C6C61BDE-39E3-4568-9BA0-C1B3A2AE466D}.Debug|Any CPU.Deploy.0 = Debug|x64
		{C6C61BDE-39E3-4568-9BA0-C1B3A2AE466D}.Debug|ARM64.ActiveCfg = Debug|ARM64
		{C6C61BDE-39E3-4568-9BA0-C1B3A2AE466D}.Debug|ARM64.Build.0 = Debug|ARM64
		{C6C61BDE-39E3-4568-9BA0-C1B3A2AE466D}.Debug|ARM64.Deploy.0 = Debug|ARM64
		{C6C61BDE-39E3-4568-9BA0-C1B3A2AE466D}.Debug|x64.ActiveCfg = Debug|x64
		{C6C61BDE-39E3-4568-9BA0-C1B3A2AE466D}.Debug|x64.Build.0 = Debug|x64
		{C6C61BDE-39E3-4568-9BA0-C1B3A2AE466D}.Debug|x64.Deploy.0 = Debug|x64
		{C6C61BDE-39E3-4568-9BA0-C1B3A2AE466D}.Debug|x86.ActiveCfg = Debug|x86
		{C6C61BDE-39E3-4568-9BA0-C1B3A2AE466D}.Debug|x86.Build.0 = Debug|x86
		{C6C61BDE-39E3-4568-9BA0-C1B3A2AE466D}.Debug|x86.Deploy.0 = Debug|x86
		{C6C61BDE-39E3-4568-9BA0-C1B3A2AE466D}.Release|Any CPU.ActiveCfg = Release|x64
		{C6C61BDE-39E3-4568-9BA0-C1B3A2AE466D}.Release|Any CPU.Build.0 = Release|x64
		{C6C61BDE-39E3-4568-9BA0-C1B3A2AE466D}.Release|Any CPU.Deploy.0 = Release|x64
		{C6C61BDE-39E3-4568-9BA0-C1B3A2AE466D}.Release|ARM64.ActiveCfg = Release|ARM64
		{C6C61BDE-39E3-4568-9BA0-C1B3A2AE466D}.Release|ARM64.Build.0 = Release|ARM64
		{C6C61BDE-39E3-4568-9BA0-C1B3A2AE466D}.Release|ARM64.Deploy.0 = Release|ARM64
		{C6C61BDE-39E3-4568-9BA0-C1B3A2AE466D}.Release|x64.ActiveCfg = Release|x64
		{C6C61BDE-39E3-4568-9BA0-C1B3A2AE466D}.Release|x64.Build.0 = Release|x64
		{C6C61BDE-39E3-4568-9BA0-C1B3A2AE466D}.Release|x64.Deploy.0 = Release|x64
		{C6C61BDE-39E3-4568-9BA0-C1B3A2AE466D}.Release|x86.ActiveCfg = Release|x86
		{C6C61BDE-39E3-4568-9BA0-C1B3A2AE466D}.Release|x86.Build.0 = Release|x86
		{C6C61BDE-39E3-4568-9BA0-C1B3A2AE466D}.Release|x86.Deploy.0 = Release|x86
	EndGlobalSection
	GlobalSection(SolutionProperties) = preSolution
		HideSolutionNode = FALSE
	EndGlobalSection
	GlobalSection(ExtensibilityGlobals) = postSolution
		SolutionGuid = {D95D23E2-BDB9-4006-87C9-0A7826CEE34C}
	EndGlobalSection
EndGlobal
